
Microsoft Visual Studio Solution File, Format Version 12.00
# Visual Studio 15
VisualStudioVersion = 15.0.28307.1231
MinimumVisualStudioVersion = 10.0.40219.1
Project("{FAE04EC0-301F-11D3-BF4B-00C04F79EFBC}") = "Proyecto1", "Proyecto1\Proyecto1.csproj", "{BAB69806-953B-471F-9680-AFF6ACACED1A}"
EndProject
Global
	GlobalSection(SolutionConfigurationPlatforms) = preSolution
		Debug|Any CPU = Debug|Any CPU
		Release|Any CPU = Release|Any CPU
	EndGlobalSection
	GlobalSection(ProjectConfigurationPlatforms) = postSolution
		{BAB69806-953B-471F-9680-AFF6ACACED1A}.Debug|Any CPU.ActiveCfg = Debug|Any CPU
		{BAB69806-953B-471F-9680-AFF6ACACED1A}.Debug|Any CPU.Build.0 = Debug|Any CPU
		{BAB69806-953B-471F-9680-AFF6ACACED1A}.Release|Any CPU.ActiveCfg = Release|Any CPU
		{BAB69806-953B-471F-9680-AFF6ACACED1A}.Release|Any CPU.Build.0 = Release|Any CPU
	EndGlobalSection
	GlobalSection(SolutionProperties) = preSolution
		HideSolutionNode = FALSE
	EndGlobalSection
	GlobalSection(ExtensibilityGlobals) = postSolution
		SolutionGuid = {88B95E8B-0EC8-4F65-A664-957A50AF7F3A}
	EndGlobalSection
EndGlobal
